
Microsoft Visual Studio Solution File, Format Version 12.00
# Visual Studio 2012
Project("{FAE04EC0-301F-11D3-BF4B-00C04F79EFBC}") = "Hello_World", "Hello_World\Hello_World.csproj", "{E1092441-3C54-440F-BCB3-28387A43A777}"
EndProject
Global
	GlobalSection(SolutionConfigurationPlatforms) = preSolution
		Debug|Any CPU = Debug|Any CPU
		Release|Any CPU = Release|Any CPU
	EndGlobalSection
	GlobalSection(ProjectConfigurationPlatforms) = postSolution
		{E1092441-3C54-440F-BCB3-28387A43A777}.Debug|Any CPU.ActiveCfg = Debug|Any CPU
		{E1092441-3C54-440F-BCB3-28387A43A777}.Debug|Any CPU.Build.0 = Debug|Any CPU
		{E1092441-3C54-440F-BCB3-28387A43A777}.Release|Any CPU.ActiveCfg = Release|Any CPU
		{E1092441-3C54-440F-BCB3-28387A43A777}.Release|Any CPU.Build.0 = Release|Any CPU
	EndGlobalSection
EndGlobal
